
Microsoft Visual Studio Solution File, Format Version 12.00
# Visual Studio Version 17
VisualStudioVersion = 17.1.32228.430
MinimumVisualStudioVersion = 10.0.40219.1
Project("{FAE04EC0-301F-11D3-BF4B-00C04F79EFBC}") = "WindoFromDemo", "WindoFromDemo\WindoFromDemo.csproj", "{1024992A-BB73-45DA-83E3-5216C0042B8E}"
EndProject
Project("{FAE04EC0-301F-11D3-BF4B-00C04F79EFBC}") = "WinRegistrationForm", "WinRegistrationForm\WinRegistrationForm.csproj", "{5C1201B0-F89D-49C3-8679-4D8FB82D4308}"
EndProject
Project("{FAE04EC0-301F-11D3-BF4B-00C04F79EFBC}") = "WindoEmployeeFrom", "WindoEmployeeFrom\WindoEmployeeFrom.csproj", "{AE2E3A0F-1DB6-448F-BE6B-5797503EDBCF}"
EndProject
Global
	GlobalSection(SolutionConfigurationPlatforms) = preSolution
		Debug|Any CPU = Debug|Any CPU
		Release|Any CPU = Release|Any CPU
	EndGlobalSection
	GlobalSection(ProjectConfigurationPlatforms) = postSolution
		{1024992A-BB73-45DA-83E3-5216C0042B8E}.Debug|Any CPU.ActiveCfg = Debug|Any CPU
		{1024992A-BB73-45DA-83E3-5216C0042B8E}.Debug|Any CPU.Build.0 = Debug|Any CPU
		{1024992A-BB73-45DA-83E3-5216C0042B8E}.Release|Any CPU.ActiveCfg = Release|Any CPU
		{1024992A-BB73-45DA-83E3-5216C0042B8E}.Release|Any CPU.Build.0 = Release|Any CPU
		{5C1201B0-F89D-49C3-8679-4D8FB82D4308}.Debug|Any CPU.ActiveCfg = Debug|Any CPU
		{5C1201B0-F89D-49C3-8679-4D8FB82D4308}.Debug|Any CPU.Build.0 = Debug|Any CPU
		{5C1201B0-F89D-49C3-8679-4D8FB82D4308}.Release|Any CPU.ActiveCfg = Release|Any CPU
		{5C1201B0-F89D-49C3-8679-4D8FB82D4308}.Release|Any CPU.Build.0 = Release|Any CPU
		{AE2E3A0F-1DB6-448F-BE6B-5797503EDBCF}.Debug|Any CPU.ActiveCfg = Debug|Any CPU
		{AE2E3A0F-1DB6-448F-BE6B-5797503EDBCF}.Debug|Any CPU.Build.0 = Debug|Any CPU
		{AE2E3A0F-1DB6-448F-BE6B-5797503EDBCF}.Release|Any CPU.ActiveCfg = Release|Any CPU
		{AE2E3A0F-1DB6-448F-BE6B-5797503EDBCF}.Release|Any CPU.Build.0 = Release|Any CPU
	EndGlobalSection
	GlobalSection(SolutionProperties) = preSolution
		HideSolutionNode = FALSE
	EndGlobalSection
	GlobalSection(ExtensibilityGlobals) = postSolution
		SolutionGuid = {E3441B71-1180-450B-BCA2-C2759CAC37D2}
	EndGlobalSection
EndGlobal
