
Microsoft Visual Studio Solution File, Format Version 12.00
# Visual Studio Version 17
VisualStudioVersion = 17.1.32228.430
MinimumVisualStudioVersion = 10.0.40219.1
Project("{FAE04EC0-301F-11D3-BF4B-00C04F79EFBC}") = "WindoFromDemo", "WindoFromDemo\WindoFromDemo.csproj", "{1024992A-BB73-45DA-83E3-5216C0042B8E}"
EndProject
Project("{FAE04EC0-301F-11D3-BF4B-00C04F79EFBC}") = "WinRegistrationForm", "WinRegistrationForm\WinRegistrationForm.csproj", "{5C1201B0-F89D-49C3-8679-4D8FB82D4308}"
EndProject
Project("{FAE04EC0-301F-11D3-BF4B-00C04F79EFBC}") = "WindoNotepad", "WindoNotepad\WindoNotepad.csproj", "{AAF7F1F6-F5D9-4E2A-A547-D7024A09F2E8}"
EndProject
Project("{FAE04EC0-301F-11D3-BF4B-00C04F79EFBC}") = "WinAssignment 2", "WinAssignment 2\WinAssignment 2.csproj", "{CA145FBA-E14C-4D0E-AF37-6CCC69F71D2D}"
EndProject
Project("{FAE04EC0-301F-11D3-BF4B-00C04F79EFBC}") = "WindoCourseAssignment", "WindoCourseAssignment\WindoCourseAssignment.csproj", "{D03DD827-82A6-4F4C-97EC-48FED74DB799}"
EndProject
Project("{FAE04EC0-301F-11D3-BF4B-00C04F79EFBC}") = "WindoDatabase", "WindoDatabase\WindoDatabase.csproj", "{3CBBF690-A9F4-49C4-8620-FA0663FFDCA2}"
EndProject
Project("{FAE04EC0-301F-11D3-BF4B-00C04F79EFBC}") = "Ado.netHomeWork_of_ Courese", "Ado.netHomeWork_of_ Courese\Ado.netHomeWork_of_ Courese.csproj", "{82C8C16B-ED6E-496B-A051-94DBA28136AA}"
EndProject
Project("{FAE04EC0-301F-11D3-BF4B-00C04F79EFBC}") = "Disconnected Demo", "Disconnected Demo\Disconnected Demo.csproj", "{DC3E3416-4BA7-496A-B034-23819B2A831B}"
EndProject
Project("{FAE04EC0-301F-11D3-BF4B-00C04F79EFBC}") = "Ado.net homeWork_of_Course_Connected_Architecture", "Ado.net homeWork_of_Course_Connected_Architecture\Ado.net homeWork_of_Course_Connected_Architecture.csproj", "{0E99C4C1-6E2C-4A7C-AA56-13E06DD87407}"
EndProject
Global
	GlobalSection(SolutionConfigurationPlatforms) = preSolution
		Debug|Any CPU = Debug|Any CPU
		Release|Any CPU = Release|Any CPU
	EndGlobalSection
	GlobalSection(ProjectConfigurationPlatforms) = postSolution
		{1024992A-BB73-45DA-83E3-5216C0042B8E}.Debug|Any CPU.ActiveCfg = Debug|Any CPU
		{1024992A-BB73-45DA-83E3-5216C0042B8E}.Debug|Any CPU.Build.0 = Debug|Any CPU
		{1024992A-BB73-45DA-83E3-5216C0042B8E}.Release|Any CPU.ActiveCfg = Release|Any CPU
		{1024992A-BB73-45DA-83E3-5216C0042B8E}.Release|Any CPU.Build.0 = Release|Any CPU
		{5C1201B0-F89D-49C3-8679-4D8FB82D4308}.Debug|Any CPU.ActiveCfg = Debug|Any CPU
		{5C1201B0-F89D-49C3-8679-4D8FB82D4308}.Debug|Any CPU.Build.0 = Debug|Any CPU
		{5C1201B0-F89D-49C3-8679-4D8FB82D4308}.Release|Any CPU.ActiveCfg = Release|Any CPU
		{5C1201B0-F89D-49C3-8679-4D8FB82D4308}.Release|Any CPU.Build.0 = Release|Any CPU
		{AAF7F1F6-F5D9-4E2A-A547-D7024A09F2E8}.Debug|Any CPU.ActiveCfg = Debug|Any CPU
		{AAF7F1F6-F5D9-4E2A-A547-D7024A09F2E8}.Debug|Any CPU.Build.0 = Debug|Any CPU
		{AAF7F1F6-F5D9-4E2A-A547-D7024A09F2E8}.Release|Any CPU.ActiveCfg = Release|Any CPU
		{AAF7F1F6-F5D9-4E2A-A547-D7024A09F2E8}.Release|Any CPU.Build.0 = Release|Any CPU
		{CA145FBA-E14C-4D0E-AF37-6CCC69F71D2D}.Debug|Any CPU.ActiveCfg = Debug|Any CPU
		{CA145FBA-E14C-4D0E-AF37-6CCC69F71D2D}.Debug|Any CPU.Build.0 = Debug|Any CPU
		{CA145FBA-E14C-4D0E-AF37-6CCC69F71D2D}.Release|Any CPU.ActiveCfg = Release|Any CPU
		{CA145FBA-E14C-4D0E-AF37-6CCC69F71D2D}.Release|Any CPU.Build.0 = Release|Any CPU
		{D03DD827-82A6-4F4C-97EC-48FED74DB799}.Debug|Any CPU.ActiveCfg = Debug|Any CPU
		{D03DD827-82A6-4F4C-97EC-48FED74DB799}.Debug|Any CPU.Build.0 = Debug|Any CPU
		{D03DD827-82A6-4F4C-97EC-48FED74DB799}.Release|Any CPU.ActiveCfg = Release|Any CPU
		{D03DD827-82A6-4F4C-97EC-48FED74DB799}.Release|Any CPU.Build.0 = Release|Any CPU
		{3CBBF690-A9F4-49C4-8620-FA0663FFDCA2}.Debug|Any CPU.ActiveCfg = Debug|Any CPU
		{3CBBF690-A9F4-49C4-8620-FA0663FFDCA2}.Debug|Any CPU.Build.0 = Debug|Any CPU
		{3CBBF690-A9F4-49C4-8620-FA0663FFDCA2}.Release|Any CPU.ActiveCfg = Release|Any CPU
		{3CBBF690-A9F4-49C4-8620-FA0663FFDCA2}.Release|Any CPU.Build.0 = Release|Any CPU
		{82C8C16B-ED6E-496B-A051-94DBA28136AA}.Debug|Any CPU.ActiveCfg = Debug|Any CPU
		{82C8C16B-ED6E-496B-A051-94DBA28136AA}.Debug|Any CPU.Build.0 = Debug|Any CPU
		{82C8C16B-ED6E-496B-A051-94DBA28136AA}.Release|Any CPU.ActiveCfg = Release|Any CPU
		{82C8C16B-ED6E-496B-A051-94DBA28136AA}.Release|Any CPU.Build.0 = Release|Any CPU
		{DC3E3416-4BA7-496A-B034-23819B2A831B}.Debug|Any CPU.ActiveCfg = Debug|Any CPU
		{DC3E3416-4BA7-496A-B034-23819B2A831B}.Debug|Any CPU.Build.0 = Debug|Any CPU
		{DC3E3416-4BA7-496A-B034-23819B2A831B}.Release|Any CPU.ActiveCfg = Release|Any CPU
		{DC3E3416-4BA7-496A-B034-23819B2A831B}.Release|Any CPU.Build.0 = Release|Any CPU
		{0E99C4C1-6E2C-4A7C-AA56-13E06DD87407}.Debug|Any CPU.ActiveCfg = Debug|Any CPU
		{0E99C4C1-6E2C-4A7C-AA56-13E06DD87407}.Debug|Any CPU.Build.0 = Debug|Any CPU
		{0E99C4C1-6E2C-4A7C-AA56-13E06DD87407}.Release|Any CPU.ActiveCfg = Release|Any CPU
		{0E99C4C1-6E2C-4A7C-AA56-13E06DD87407}.Release|Any CPU.Build.0 = Release|Any CPU
	EndGlobalSection
	GlobalSection(SolutionProperties) = preSolution
		HideSolutionNode = FALSE
	EndGlobalSection
	GlobalSection(ExtensibilityGlobals) = postSolution
		SolutionGuid = {E3441B71-1180-450B-BCA2-C2759CAC37D2}
	EndGlobalSection
EndGlobal
